
Microsoft Visual Studio Solution File, Format Version 12.00
# Visual Studio 15
VisualStudioVersion = 15.0.28010.2026
MinimumVisualStudioVersion = 10.0.40219.1
Project("{FAE04EC0-301F-11D3-BF4B-00C04F79EFBC}") = "SharpSearch", "SharpSearch.csproj", "{98FEE742-8410-4F20-8B2D-D7D789AB003D}"
EndProject
Global
	GlobalSection(SolutionConfigurationPlatforms) = preSolution
		Debug|Any CPU = Debug|Any CPU
		Release|Any CPU = Release|Any CPU
	EndGlobalSection
	GlobalSection(ProjectConfigurationPlatforms) = postSolution
		{98FEE742-8410-4F20-8B2D-D7D789AB003D}.Debug|Any CPU.ActiveCfg = Debug|Any CPU
		{98FEE742-8410-4F20-8B2D-D7D789AB003D}.Debug|Any CPU.Build.0 = Debug|Any CPU
		{98FEE742-8410-4F20-8B2D-D7D789AB003D}.Release|Any CPU.ActiveCfg = Release|Any CPU
		{98FEE742-8410-4F20-8B2D-D7D789AB003D}.Release|Any CPU.Build.0 = Release|Any CPU
	EndGlobalSection
	GlobalSection(SolutionProperties) = preSolution
		HideSolutionNode = FALSE
	EndGlobalSection
	GlobalSection(ExtensibilityGlobals) = postSolution
		SolutionGuid = {85240F70-3432-45DF-9879-190D16C08EE3}
	EndGlobalSection
EndGlobal
